<?xml version="1.0" encoding="utf-8"?>
<Project ToolsVersion="4.0" xmlns="http://schemas.microsoft.com/developer/msbuild/2003">
  <ItemGroup>
    <Filter Include="Assets">
      <UniqueIdentifier>7b157b2a-1a0f-4315-b758-05896a2612af</UniqueIdentifier>
      <Extensions>ico;cur;bmp;dds;dlg;fbx;rct;bin;rgs;gif;jpg;jpeg;jpe;resx;tga;tiff;tif;png;wav;mfcribbon-ms</Extensions>
    </Filter>
    <Filter Include="Framework Header">
      <UniqueIdentifier>{6030d6b9-9150-49e4-8b76-e54591c106da}</UniqueIdentifier>
    </Filter>
    <Filter Include="Framework Source">
      <UniqueIdentifier>{a8cab200-f929-4f63-8ab3-52da7fbc3156}</UniqueIdentifier>
    </Filter>
    <Filter Include="ObjectBase">
      <UniqueIdentifier>{1ed04959-3276-4e15-8d4a-63cb92ec10fc}</UniqueIdentifier>
    </Filter>
    <Filter Include="Header">
      <UniqueIdentifier>{9e27387c-c586-48e1-ba46-c72052d37566}</UniqueIdentifier>
    </Filter>
    <Filter Include="Source">
      <UniqueIdentifier>{3b12ec24-69d5-4bd0-a085-1c6c2ac36161}</UniqueIdentifier>
    </Filter>
    <Filter Include="Charcter">
      <UniqueIdentifier>{9f374b42-ad44-4ed7-b245-7463ccaa766b}</UniqueIdentifier>
    </Filter>
    <Filter Include="Charcter\Player">
      <UniqueIdentifier>{c445da24-69cb-41bb-9269-af000ec5d7f1}</UniqueIdentifier>
    </Filter>
    <Filter Include="Charcter\Enemy">
      <UniqueIdentifier>{7b8ccb37-5b2c-4f4e-b703-cf7df0c8d1ca}</UniqueIdentifier>
    </Filter>
    <Filter Include="Charcter\Parts">
      <UniqueIdentifier>{59705bda-d893-4c8c-bb67-5c1bd7ccb7ff}</UniqueIdentifier>
    </Filter>
    <Filter Include="Collision">
      <UniqueIdentifier>{5687480c-ed14-47aa-872f-f9da232669a9}</UniqueIdentifier>
    </Filter>
    <Filter Include="ResourcesFile">
      <UniqueIdentifier>{495ebf9e-102f-49dc-9011-41df0dff135e}</UniqueIdentifier>
    </Filter>
    <Filter Include="Scene">
      <UniqueIdentifier>{043549e5-aeef-44a5-8d27-a6f7b58f6362}</UniqueIdentifier>
    </Filter>
    <Filter Include="Scene\TitleScene">
      <UniqueIdentifier>{63e49d9b-02d4-4d8c-bef3-db3b666b3b6d}</UniqueIdentifier>
    </Filter>
    <Filter Include="Scene\GameScene">
      <UniqueIdentifier>{126924f4-fe57-4d38-8e92-19c742085421}</UniqueIdentifier>
    </Filter>
    <Filter Include="Camera">
      <UniqueIdentifier>{89d7317e-b100-4186-9a57-9a54a274519e}</UniqueIdentifier>
    </Filter>
    <Filter Include="Tower">
      <UniqueIdentifier>{8f2ce8b8-220b-472b-8cee-ec2e14df5a53}</UniqueIdentifier>
    </Filter>
    <Filter Include="Stage">
      <UniqueIdentifier>{031438da-9547-497f-93d3-666edceb2ed8}</UniqueIdentifier>
    </Filter>
    <Filter Include="BackScreen">
      <UniqueIdentifier>{2e6b9c28-d25d-4e2f-819a-b050b957dfc6}</UniqueIdentifier>
    </Filter>
    <Filter Include="Scene\Resultscene">
      <UniqueIdentifier>{1978dd65-0cd4-4bde-8c66-ad8d69ddc852}</UniqueIdentifier>
    </Filter>
    <Filter Include="Texture">
      <UniqueIdentifier>{2388ee95-3cb5-4701-9baa-5eb13eb32614}</UniqueIdentifier>
    </Filter>
    <Filter Include="Tool">
      <UniqueIdentifier>{3d88c7bf-575e-470f-a022-8d9085bab82d}</UniqueIdentifier>
    </Filter>
  </ItemGroup>
  <ItemGroup>
    <ClInclude Include="StepTimer.h" />
    <ClInclude Include="DebugCamera.h">
      <Filter>Framework Header</Filter>
    </ClInclude>
    <ClInclude Include="Game.h">
      <Filter>Framework Header</Filter>
    </ClInclude>
    <ClInclude Include="Graphics.h">
      <Filter>Framework Header</Filter>
    </ClInclude>
    <ClInclude Include="Grid.h">
      <Filter>Framework Header</Filter>
    </ClInclude>
    <ClInclude Include="pch.h">
      <Filter>Framework Header</Filter>
    </ClInclude>
    <ClInclude Include="Window.h">
      <Filter>Framework Header</Filter>
    </ClInclude>
    <ClInclude Include="Header\MyGame.h">
      <Filter>Header</Filter>
    </ClInclude>
    <ClInclude Include="dx.h">
      <Filter>Framework Header</Filter>
    </ClInclude>
    <ClInclude Include="Charcter\Tank.h">
      <Filter>Charcter</Filter>
    </ClInclude>
    <ClInclude Include="Charcter\Enemy\AIState.h">
      <Filter>Charcter\Enemy</Filter>
    </ClInclude>
    <ClInclude Include="Charcter\Enemy\AStarNode.h">
      <Filter>Charcter\Enemy</Filter>
    </ClInclude>
    <ClInclude Include="Charcter\Enemy\Enemy.h">
      <Filter>Charcter\Enemy</Filter>
    </ClInclude>
    <ClInclude Include="Charcter\Enemy\Move.h">
      <Filter>Charcter\Enemy</Filter>
    </ClInclude>
    <ClInclude Include="Charcter\PARTS\Body.h">
      <Filter>Charcter\Parts</Filter>
    </ClInclude>
    <ClInclude Include="Charcter\PARTS\Bullet.h">
      <Filter>Charcter\Parts</Filter>
    </ClInclude>
    <ClInclude Include="Charcter\PARTS\TankFactory.h">
      <Filter>Charcter\Parts</Filter>
    </ClInclude>
    <ClInclude Include="Charcter\PARTS\Turret.h">
      <Filter>Charcter\Parts</Filter>
    </ClInclude>
    <ClInclude Include="Charcter\Player\Player.h">
      <Filter>Charcter\Player</Filter>
    </ClInclude>
    <ClInclude Include="Charcter\Enemy\Shoot.h">
      <Filter>Charcter\Enemy</Filter>
    </ClInclude>
    <ClInclude Include="Collision\Collision.h">
      <Filter>Collision</Filter>
    </ClInclude>
    <ClInclude Include="Collision\CollisionMDL.h">
      <Filter>Collision</Filter>
    </ClInclude>
    <ClInclude Include="Collision\CollisionNode.h">
      <Filter>Collision</Filter>
    </ClInclude>
    <ClInclude Include="Base\ObjectBase.h">
      <Filter>ObjectBase</Filter>
    </ClInclude>
    <ClInclude Include="Scene\Scene.h">
      <Filter>Scene</Filter>
    </ClInclude>
    <ClInclude Include="Scene\SceneBase.h">
      <Filter>Scene</Filter>
    </ClInclude>
    <ClInclude Include="Scene\SceneManager.h">
      <Filter>Scene</Filter>
    </ClInclude>
    <ClInclude Include="Scene\SelectScene.h">
      <Filter>Scene</Filter>
    </ClInclude>
    <ClInclude Include="Scene\GameScene\GameScene.h">
      <Filter>Scene\GameScene</Filter>
    </ClInclude>
    <ClInclude Include="Scene\TitleScene\TitleScene.h">
      <Filter>Scene\TitleScene</Filter>
    </ClInclude>
    <ClInclude Include="Camera\Camera.h">
      <Filter>Camera</Filter>
    </ClInclude>
    <ClInclude Include="Tower\Tower.h">
      <Filter>Tower</Filter>
    </ClInclude>
    <ClInclude Include="Tower\TowerData.h">
      <Filter>Tower</Filter>
    </ClInclude>
    <ClInclude Include="Tower\TowerFactory.h">
      <Filter>Tower</Filter>
    </ClInclude>
    <ClInclude Include="Stage\Stage.h">
      <Filter>Stage</Filter>
    </ClInclude>
    <ClInclude Include="BackScreen\BackScreen.h">
      <Filter>BackScreen</Filter>
    </ClInclude>
    <ClInclude Include="Scene\ResultScene\ResultScene.h">
      <Filter>Scene\Resultscene</Filter>
    </ClInclude>
    <ClInclude Include="Stage\Wall.h">
      <Filter>Stage</Filter>
    </ClInclude>
    <ClInclude Include="Texture\Texture.h">
      <Filter>Texture</Filter>
    </ClInclude>
    <ClInclude Include="Tool\Direct3D.h">
      <Filter>Tool</Filter>
    </ClInclude>
    <ClInclude Include="Tool\DirectXTK.h">
      <Filter>Tool</Filter>
    </ClInclude>
    <ClInclude Include="Stage\Floor.h">
      <Filter>Stage</Filter>
    </ClInclude>
  </ItemGroup>
  <ItemGroup>
    <ClCompile Include="DebugCamera.cpp">
      <Filter>Framework Source</Filter>
    </ClCompile>
    <ClCompile Include="Game.cpp">
      <Filter>Framework Source</Filter>
    </ClCompile>
    <ClCompile Include="Graphics.cpp">
      <Filter>Framework Source</Filter>
    </ClCompile>
    <ClCompile Include="Grid.cpp">
      <Filter>Framework Source</Filter>
    </ClCompile>
    <ClCompile Include="Main.cpp">
      <Filter>Framework Source</Filter>
    </ClCompile>
    <ClCompile Include="pch.cpp">
      <Filter>Framework Source</Filter>
    </ClCompile>
    <ClCompile Include="Window.cpp">
      <Filter>Framework Source</Filter>
    </ClCompile>
    <ClCompile Include="Header\MyGame.cpp">
      <Filter>Source</Filter>
    </ClCompile>
    <ClCompile Include="Charcter\Tank.cpp">
      <Filter>Charcter</Filter>
    </ClCompile>
    <ClCompile Include="Charcter\Enemy\AIState.cpp">
      <Filter>Charcter\Enemy</Filter>
    </ClCompile>
    <ClCompile Include="Charcter\Enemy\AStarNode.cpp">
      <Filter>Charcter\Enemy</Filter>
    </ClCompile>
    <ClCompile Include="Charcter\Enemy\Enemy.cpp">
      <Filter>Charcter\Enemy</Filter>
    </ClCompile>
    <ClCompile Include="Charcter\Enemy\Move.cpp">
      <Filter>Charcter\Enemy</Filter>
    </ClCompile>
    <ClCompile Include="Charcter\PARTS\Body.cpp">
      <Filter>Charcter\Parts</Filter>
    </ClCompile>
    <ClCompile Include="Charcter\PARTS\Bullet.cpp">
      <Filter>Charcter\Parts</Filter>
    </ClCompile>
    <ClCompile Include="Charcter\PARTS\TankFactory.cpp">
      <Filter>Charcter\Parts</Filter>
    </ClCompile>
    <ClCompile Include="Charcter\PARTS\Turret.cpp">
      <Filter>Charcter\Parts</Filter>
    </ClCompile>
    <ClCompile Include="Charcter\Player\Player.cpp">
      <Filter>Charcter\Player</Filter>
    </ClCompile>
    <ClCompile Include="Charcter\Enemy\Shoot.cpp">
      <Filter>Charcter\Enemy</Filter>
    </ClCompile>
    <ClCompile Include="Collision\Collision.cpp">
      <Filter>Collision</Filter>
    </ClCompile>
    <ClCompile Include="Collision\CollisionMDL.cpp">
      <Filter>Collision</Filter>
    </ClCompile>
    <ClCompile Include="Collision\CollisionNode.cpp">
      <Filter>Collision</Filter>
    </ClCompile>
    <ClCompile Include="Base\ObjectBase.cpp">
      <Filter>ObjectBase</Filter>
    </ClCompile>
    <ClCompile Include="Scene\Scene.cpp">
      <Filter>Scene</Filter>
    </ClCompile>
    <ClCompile Include="Scene\SceneBase.cpp">
      <Filter>Scene</Filter>
    </ClCompile>
    <ClCompile Include="Scene\SceneManager.cpp">
      <Filter>Scene</Filter>
    </ClCompile>
    <ClCompile Include="Scene\SelectScene.cpp">
      <Filter>Scene</Filter>
    </ClCompile>
    <ClCompile Include="Scene\GameScene\GameScene.cpp">
      <Filter>Scene\GameScene</Filter>
    </ClCompile>
    <ClCompile Include="Scene\TitleScene\TitleScene.cpp">
      <Filter>Scene\TitleScene</Filter>
    </ClCompile>
    <ClCompile Include="Camera\Camera.cpp">
      <Filter>Camera</Filter>
    </ClCompile>
    <ClCompile Include="Tower\Tower.cpp">
      <Filter>Tower</Filter>
    </ClCompile>
    <ClCompile Include="Tower\TowerData.cpp">
      <Filter>Tower</Filter>
    </ClCompile>
    <ClCompile Include="Tower\TowerFactory.cpp">
      <Filter>Tower</Filter>
    </ClCompile>
    <ClCompile Include="Stage\Stage.cpp">
      <Filter>Stage</Filter>
    </ClCompile>
    <ClCompile Include="BackScreen\BackScreen.cpp">
      <Filter>BackScreen</Filter>
    </ClCompile>
    <ClCompile Include="Scene\ResultScene\ResultScene.cpp">
      <Filter>Scene\Resultscene</Filter>
    </ClCompile>
    <ClCompile Include="Stage\Wall.cpp">
      <Filter>Stage</Filter>
    </ClCompile>
    <ClCompile Include="Texture\Texture.cpp">
      <Filter>Texture</Filter>
    </ClCompile>
    <ClCompile Include="Tool\Direct3D.cpp">
      <Filter>Tool</Filter>
    </ClCompile>
    <ClCompile Include="Tool\DirectXTK.cpp">
      <Filter>Tool</Filter>
    </ClCompile>
    <ClCompile Include="Stage\Floor.cpp">
      <Filter>Stage</Filter>
    </ClCompile>
  </ItemGroup>
  <ItemGroup>
    <ResourceCompile Include="resource.rc" />
  </ItemGroup>
  <ItemGroup>
    <Image Include="directx.ico">
      <Filter>Assets</Filter>
    </Image>
  </ItemGroup>
  <ItemGroup>
    <Manifest Include="settings.manifest">
      <Filter>Assets</Filter>
    </Manifest>
  </ItemGroup>
  <ItemGroup>
    <MeshContentTask Include="Resources\Models\MapData\Grass.FBX">
      <Filter>ResourcesFile</Filter>
    </MeshContentTask>
    <MeshContentTask Include="Resources\Models\MapData\box.FBX">
      <Filter>ResourcesFile</Filter>
    </MeshContentTask>
    <MeshContentTask Include="Resources\Models\Tank\Body.FBX">
      <Filter>ResourcesFile</Filter>
    </MeshContentTask>
    <MeshContentTask Include="Resources\Models\Bullet\bullet.FBX">
      <Filter>ResourcesFile</Filter>
    </MeshContentTask>
    <MeshContentTask Include="Resources\Models\Tank\turret.FBX">
      <Filter>ResourcesFile</Filter>
    </MeshContentTask>
    <MeshContentTask Include="Resources\Models\Tower\cTower.FBX">
      <Filter>ResourcesFile</Filter>
    </MeshContentTask>
    <MeshContentTask Include="Resources\Models\BackScreen\back.FBX">
      <Filter>ResourcesFile</Filter>
    </MeshContentTask>
    <MeshContentTask Include="Resources\Models\MapData\floor.FBX">
      <Filter>ResourcesFile</Filter>
    </MeshContentTask>
    <MeshContentTask Include="Resources\Models\TitleScene\title.FBX">
      <Filter>ResourcesFile</Filter>
    </MeshContentTask>
  </ItemGroup>
  <ItemGroup>
    <None Include="ClassDiagram.cd" />
    <None Include="ClassDiagram1.cd" />
  </ItemGroup>
</Project>